
Microsoft Visual Studio Solution File, Format Version 12.00
# Visual Studio Version 16
VisualStudioVersion = 16.0.32002.261
MinimumVisualStudioVersion = 10.0.40219.1
Project("{9A19103F-16F7-4668-BE54-9A1E7A4F7556}") = "ICloneableExample", "ICloneableExample\ICloneableExample.csproj", "{514AC8C8-C7A0-4191-A169-0A387FFCA0F0}"
EndProject
Project("{9A19103F-16F7-4668-BE54-9A1E7A4F7556}") = "CustomInterface", "CustomInterface\CustomInterface.csproj", "{66AEDD64-E38F-4901-AB5C-013B376EE8FD}"
EndProject
Project("{FAE04EC0-301F-11D3-BF4B-00C04F79EFBC}") = "InterfaceNameClash", "InterfaceNameClash\InterfaceNameClash.csproj", "{A233C970-BB9C-4D82-A356-73C30ACA702C}"
EndProject
Project("{FAE04EC0-301F-11D3-BF4B-00C04F79EFBC}") = "InterfaceHierarchy", "InterfaceHierarchy\InterfaceHierarchy.csproj", "{06EBDADA-F8F3-45B8-94E3-A85940A93884}"
EndProject
Project("{FAE04EC0-301F-11D3-BF4B-00C04F79EFBC}") = "MIInterfaceHierarchy", "MIInterfaceHierarchy\MIInterfaceHierarchy.csproj", "{335032D1-4419-4264-B714-3D99CCB1B207}"
EndProject
Project("{FAE04EC0-301F-11D3-BF4B-00C04F79EFBC}") = "CustomEnumerator", "CustomEnumerator\CustomEnumerator.csproj", "{5ED6DA01-F221-440F-8E64-28C17DA252B1}"
EndProject
Project("{FAE04EC0-301F-11D3-BF4B-00C04F79EFBC}") = "CustomEnumeratorWithYield", "CustomEnumeratorWithYield\CustomEnumeratorWithYield.csproj", "{1D6D7C55-1DDC-40D4-B9F0-52214056E919}"
EndProject
Global
	GlobalSection(SolutionConfigurationPlatforms) = preSolution
		Debug|Any CPU = Debug|Any CPU
		Release|Any CPU = Release|Any CPU
	EndGlobalSection
	GlobalSection(ProjectConfigurationPlatforms) = postSolution
		{514AC8C8-C7A0-4191-A169-0A387FFCA0F0}.Debug|Any CPU.ActiveCfg = Debug|Any CPU
		{514AC8C8-C7A0-4191-A169-0A387FFCA0F0}.Debug|Any CPU.Build.0 = Debug|Any CPU
		{514AC8C8-C7A0-4191-A169-0A387FFCA0F0}.Release|Any CPU.ActiveCfg = Release|Any CPU
		{514AC8C8-C7A0-4191-A169-0A387FFCA0F0}.Release|Any CPU.Build.0 = Release|Any CPU
		{66AEDD64-E38F-4901-AB5C-013B376EE8FD}.Debug|Any CPU.ActiveCfg = Debug|Any CPU
		{66AEDD64-E38F-4901-AB5C-013B376EE8FD}.Debug|Any CPU.Build.0 = Debug|Any CPU
		{66AEDD64-E38F-4901-AB5C-013B376EE8FD}.Release|Any CPU.ActiveCfg = Release|Any CPU
		{66AEDD64-E38F-4901-AB5C-013B376EE8FD}.Release|Any CPU.Build.0 = Release|Any CPU
		{A233C970-BB9C-4D82-A356-73C30ACA702C}.Debug|Any CPU.ActiveCfg = Debug|Any CPU
		{A233C970-BB9C-4D82-A356-73C30ACA702C}.Debug|Any CPU.Build.0 = Debug|Any CPU
		{A233C970-BB9C-4D82-A356-73C30ACA702C}.Release|Any CPU.ActiveCfg = Release|Any CPU
		{A233C970-BB9C-4D82-A356-73C30ACA702C}.Release|Any CPU.Build.0 = Release|Any CPU
		{06EBDADA-F8F3-45B8-94E3-A85940A93884}.Debug|Any CPU.ActiveCfg = Debug|Any CPU
		{06EBDADA-F8F3-45B8-94E3-A85940A93884}.Debug|Any CPU.Build.0 = Debug|Any CPU
		{06EBDADA-F8F3-45B8-94E3-A85940A93884}.Release|Any CPU.ActiveCfg = Release|Any CPU
		{06EBDADA-F8F3-45B8-94E3-A85940A93884}.Release|Any CPU.Build.0 = Release|Any CPU
		{335032D1-4419-4264-B714-3D99CCB1B207}.Debug|Any CPU.ActiveCfg = Debug|Any CPU
		{335032D1-4419-4264-B714-3D99CCB1B207}.Debug|Any CPU.Build.0 = Debug|Any CPU
		{335032D1-4419-4264-B714-3D99CCB1B207}.Release|Any CPU.ActiveCfg = Release|Any CPU
		{335032D1-4419-4264-B714-3D99CCB1B207}.Release|Any CPU.Build.0 = Release|Any CPU
		{5ED6DA01-F221-440F-8E64-28C17DA252B1}.Debug|Any CPU.ActiveCfg = Debug|Any CPU
		{5ED6DA01-F221-440F-8E64-28C17DA252B1}.Debug|Any CPU.Build.0 = Debug|Any CPU
		{5ED6DA01-F221-440F-8E64-28C17DA252B1}.Release|Any CPU.ActiveCfg = Release|Any CPU
		{5ED6DA01-F221-440F-8E64-28C17DA252B1}.Release|Any CPU.Build.0 = Release|Any CPU
		{1D6D7C55-1DDC-40D4-B9F0-52214056E919}.Debug|Any CPU.ActiveCfg = Debug|Any CPU
		{1D6D7C55-1DDC-40D4-B9F0-52214056E919}.Debug|Any CPU.Build.0 = Debug|Any CPU
		{1D6D7C55-1DDC-40D4-B9F0-52214056E919}.Release|Any CPU.ActiveCfg = Release|Any CPU
		{1D6D7C55-1DDC-40D4-B9F0-52214056E919}.Release|Any CPU.Build.0 = Release|Any CPU
	EndGlobalSection
	GlobalSection(SolutionProperties) = preSolution
		HideSolutionNode = FALSE
	EndGlobalSection
	GlobalSection(ExtensibilityGlobals) = postSolution
		SolutionGuid = {5C85595C-5F60-459E-A28E-5EFD8A6CF42D}
	EndGlobalSection
EndGlobal
