
Microsoft Visual Studio Solution File, Format Version 12.00
# Visual Studio Version 16
VisualStudioVersion = 16.0.32002.261
MinimumVisualStudioVersion = 10.0.40219.1
Project("{FAE04EC0-301F-11D3-BF4B-00C04F79EFBC}") = "ICloneableExample", "ICloneableExample\ICloneableExample.csproj", "{514AC8C8-C7A0-4191-A169-0A387FFCA0F0}"
EndProject
Project("{FAE04EC0-301F-11D3-BF4B-00C04F79EFBC}") = "CustomInterface", "CustomInterface\CustomInterface.csproj", "{66AEDD64-E38F-4901-AB5C-013B376EE8FD}"
EndProject
Global
	GlobalSection(SolutionConfigurationPlatforms) = preSolution
		Debug|Any CPU = Debug|Any CPU
		Release|Any CPU = Release|Any CPU
	EndGlobalSection
	GlobalSection(ProjectConfigurationPlatforms) = postSolution
		{514AC8C8-C7A0-4191-A169-0A387FFCA0F0}.Debug|Any CPU.ActiveCfg = Debug|Any CPU
		{514AC8C8-C7A0-4191-A169-0A387FFCA0F0}.Debug|Any CPU.Build.0 = Debug|Any CPU
		{514AC8C8-C7A0-4191-A169-0A387FFCA0F0}.Release|Any CPU.ActiveCfg = Release|Any CPU
		{514AC8C8-C7A0-4191-A169-0A387FFCA0F0}.Release|Any CPU.Build.0 = Release|Any CPU
		{66AEDD64-E38F-4901-AB5C-013B376EE8FD}.Debug|Any CPU.ActiveCfg = Debug|Any CPU
		{66AEDD64-E38F-4901-AB5C-013B376EE8FD}.Debug|Any CPU.Build.0 = Debug|Any CPU
		{66AEDD64-E38F-4901-AB5C-013B376EE8FD}.Release|Any CPU.ActiveCfg = Release|Any CPU
		{66AEDD64-E38F-4901-AB5C-013B376EE8FD}.Release|Any CPU.Build.0 = Release|Any CPU
	EndGlobalSection
	GlobalSection(SolutionProperties) = preSolution
		HideSolutionNode = FALSE
	EndGlobalSection
	GlobalSection(ExtensibilityGlobals) = postSolution
		SolutionGuid = {5C85595C-5F60-459E-A28E-5EFD8A6CF42D}
	EndGlobalSection
EndGlobal
